<Solution>
  <Project Path="Biz.Bizadm.KMS/Biz.Bizadm.KMS.csproj" />
  <Project Path="Biz.Bizadm.KMS.Protect/Biz.Bizadm.KMS.Protect.csproj" />
  <Project Path="runtime.win.Biz.Bizadm.KMS.Protect/runtime.win.Biz.Bizadm.KMS.Protect.csproj" />
  <Project Path="runtime.osx.Biz.Bizadm.KMS.Protect/runtime.osx.Biz.Bizadm.KMS.Protect.csproj" />
  <Project Path="runtime.linux.Biz.Bizadm.KMS.Protect/runtime.linux.Biz.Bizadm.KMS.Protect.csproj" />
  <Project Path="Biz.Bizadm.KMSTest/Biz.Bizadm.KMSTest.csproj" Id="53d64c63-d7d8-44eb-9e12-48348e589e64" />
</Solution>
